
Microsoft Visual Studio Solution File, Format Version 12.00
# Visual Studio Version 17
VisualStudioVersion = 17.5.33516.290
MinimumVisualStudioVersion = 10.0.40219.1
Project("{FAE04EC0-301F-11D3-BF4B-00C04F79EFBC}") = "cuerpo_humano", "cuerpo_humano\cuerpo_humano.csproj", "{9BBE8788-ACE8-4AF0-AF2E-4FEBD88462A6}"
EndProject
Global
	GlobalSection(SolutionConfigurationPlatforms) = preSolution
		Debug|Any CPU = Debug|Any CPU
		Release|Any CPU = Release|Any CPU
	EndGlobalSection
	GlobalSection(ProjectConfigurationPlatforms) = postSolution
		{9BBE8788-ACE8-4AF0-AF2E-4FEBD88462A6}.Debug|Any CPU.ActiveCfg = Debug|Any CPU
		{9BBE8788-ACE8-4AF0-AF2E-4FEBD88462A6}.Debug|Any CPU.Build.0 = Debug|Any CPU
		{9BBE8788-ACE8-4AF0-AF2E-4FEBD88462A6}.Release|Any CPU.ActiveCfg = Release|Any CPU
		{9BBE8788-ACE8-4AF0-AF2E-4FEBD88462A6}.Release|Any CPU.Build.0 = Release|Any CPU
	EndGlobalSection
	GlobalSection(SolutionProperties) = preSolution
		HideSolutionNode = FALSE
	EndGlobalSection
	GlobalSection(ExtensibilityGlobals) = postSolution
		SolutionGuid = {AE368108-7CEE-44D3-BB50-C30D1022EEDD}
	EndGlobalSection
EndGlobal
